{
  "originHash" : "533de208f7207fdd36b99a2f0036707fca012c23defe0e4e99a820106aff336d",
  "pins" : [
    {
      "identity" : "purchases-ios-spm",
      "kind" : "remoteSourceControl",
      "location" : "https://github.com/RevenueCat/purchases-ios-spm.git",
      "state" : {
        "revision" : "cb78c6d4570849a0ba4663d5f55ee89603ded9e0",
        "version" : "5.14.3"
      }
    }
  ],
  "version" : 3
}
